// !$*UTF8*$!
{
	archiveVersion = 1;
	classes = {
	};
	objectVersion = 46;
	objects = {

/* Begin PBXBuildFile section */
		9A9E33071C9164D000E5BE10 /* AppDelegate.swift in Sources */ = {isa = PBXBuildFile; fileRef = 9A9E33061C9164D000E5BE10 /* AppDelegate.swift */; };
		9A9E33091C9164D000E5BE10 /* ViewController.swift in Sources */ = {isa = PBXBuildFile; fileRef = 9A9E33081C9164D000E5BE10 /* ViewController.swift */; };
		9A9E330C1C9164D000E5BE10 /* Main.storyboard in Resources */ = {isa = PBXBuildFile; fileRef = 9A9E330A1C9164D000E5BE10 /* Main.storyboard */; };
		9A9E330E1C9164D000E5BE10 /* Assets.xcassets in Resources */ = {isa = PBXBuildFile; fileRef = 9A9E330D1C9164D000E5BE10 /* Assets.xcassets */; };
		9A9E33111C9164D000E5BE10 /* LaunchScreen.storyboard in Resources */ = {isa = PBXBuildFile; fileRef = 9A9E330F1C9164D000E5BE10 /* LaunchScreen.storyboard */; };
		9A9E331C1C9164D000E5BE10 /* SNStestTests.swift in Sources */ = {isa = PBXBuildFile; fileRef = 9A9E331B1C9164D000E5BE10 /* SNStestTests.swift */; };
		9A9E33271C9164D000E5BE10 /* SNStestUITests.swift in Sources */ = {isa = PBXBuildFile; fileRef = 9A9E33261C9164D000E5BE10 /* SNStestUITests.swift */; };
/* End PBXBuildFile section */

/* Begin PBXContainerItemProxy section */
		9A9E33181C9164D000E5BE10 /* PBXContainerItemProxy */ = {
			isa = PBXContainerItemProxy;
			containerPortal = 9A9E32FB1C9164CF00E5BE10 /* Project object */;
			proxyType = 1;
			remoteGlobalIDString = 9A9E33021C9164CF00E5BE10;
			remoteInfo = SNStest;
		};
		9A9E33231C9164D000E5BE10 /* PBXContainerItemProxy */ = {
			isa = PBXContainerItemProxy;
			containerPortal = 9A9E32FB1C9164CF00E5BE10 /* Project object */;
			proxyType = 1;
			remoteGlobalIDString = 9A9E33021C9164CF00E5BE10;
			remoteInfo = SNStest;
		};
/* End PBXContainerItemProxy section */

/* Begin PBXFileReference section */
		9A9E33031C9164D000E5BE10 /* SNStest.app */ = {isa = PBXFileReference; explicitFileType = wrapper.application; includeInIndex = 0; path = SNStest.app; sourceTree = BUILT_PRODUCTS_DIR; };
		9A9E33061C9164D000E5BE10 /* AppDelegate.swift */ = {isa = PBXFileReference; lastKnownFileType = sourcecode.swift; path = AppDelegate.swift; sourceTree = "<group>"; };
		9A9E33081C9164D000E5BE10 /* ViewController.swift */ = {isa = PBXFileReference; lastKnownFileType = sourcecode.swift; path = ViewController.swift; sourceTree = "<group>"; };
		9A9E330B1C9164D000E5BE10 /* Base */ = {isa = PBXFileReference; lastKnownFileType = file.storyboard; name = Base; path = Base.lproj/Main.storyboard; sourceTree = "<group>"; };
		9A9E330D1C9164D000E5BE10 /* Assets.xcassets */ = {isa = PBXFileReference; lastKnownFileType = folder.assetcatalog; path = Assets.xcassets; sourceTree = "<group>"; };
		9A9E33101C9164D000E5BE10 /* Base */ = {isa = PBXFileReference; lastKnownFileType = file.storyboard; name = Base; path = Base.lproj/LaunchScreen.storyboard; sourceTree = "<group>"; };
		9A9E33121C9164D000E5BE10 /* Info.plist */ = {isa = PBXFileReference; lastKnownFileType = text.plist.xml; path = Info.plist; sourceTree = "<group>"; };
		9A9E33171C9164D000E5BE10 /* SNStestTests.xctest */ = {isa = PBXFileReference; explicitFileType = wrapper.cfbundle; includeInIndex = 0; path = SNStestTests.xctest; sourceTree = BUILT_PRODUCTS_DIR; };
		9A9E331B1C9164D000E5BE10 /* SNStestTests.swift */ = {isa = PBXFileReference; lastKnownFileType = sourcecode.swift; path = SNStestTests.swift; sourceTree = "<group>"; };
		9A9E331D1C9164D000E5BE10 /* Info.plist */ = {isa = PBXFileReference; lastKnownFileType = text.plist.xml; path = Info.plist; sourceTree = "<group>"; };
		9A9E33221C9164D000E5BE10 /* SNStestUITests.xctest */ = {isa = PBXFileReference; explicitFileType = wrapper.cfbundle; includeInIndex = 0; path = SNStestUITests.xctest; sourceTree = BUILT_PRODUCTS_DIR; };
		9A9E33261C9164D000E5BE10 /* SNStestUITests.swift */ = {isa = PBXFileReference; lastKnownFileType = sourcecode.swift; path = SNStestUITests.swift; sourceTree = "<group>"; };
		9A9E33281C9164D000E5BE10 /* Info.plist */ = {isa = PBXFileReference; lastKnownFileType = text.plist.xml; path = Info.plist; sourceTree = "<group>"; };
/* End PBXFileReference section */

/* Begin PBXFrameworksBuildPhase section */
		9A9E33001C9164CF00E5BE10 /* Frameworks */ = {
			isa = PBXFrameworksBuildPhase;
			buildActionMask = 2147483647;
			files = (
			);
			runOnlyForDeploymentPostprocessing = 0;
		};
		9A9E33141C9164D000E5BE10 /* Frameworks */ = {
			isa = PBXFrameworksBuildPhase;
			buildActionMask = 2147483647;
			files = (
			);
			runOnlyForDeploymentPostprocessing = 0;
		};
		9A9E331F1C9164D000E5BE10 /* Frameworks */ = {
			isa = PBXFrameworksBuildPhase;
			buildActionMask = 2147483647;
			files = (
			);
			runOnlyForDeploymentPostprocessing = 0;
		};
/* End PBXFrameworksBuildPhase section */

/* Begin PBXGroup section */
		9A9E32FA1C9164CF00E5BE10 = {
			isa = PBXGroup;
			children = (
				9A9E33051C9164D000E5BE10 /* SNStest */,
				9A9E331A1C9164D000E5BE10 /* SNStestTests */,
				9A9E33251C9164D000E5BE10 /* SNStestUITests */,
				9A9E33041C9164D000E5BE10 /* Products */,
			);
			sourceTree = "<group>";
		};
		9A9E33041C9164D000E5BE10 /* Products */ = {
			isa = PBXGroup;
			children = (
				9A9E33031C9164D000E5BE10 /* SNStest.app */,
				9A9E33171C9164D000E5BE10 /* SNStestTests.xctest */,
				9A9E33221C9164D000E5BE10 /* SNStestUITests.xctest */,
			);
			name = Products;
			sourceTree = "<group>";
		};
		9A9E33051C9164D000E5BE10 /* SNStest */ = {
			isa = PBXGroup;
			children = (
				9A9E33061C9164D000E5BE10 /* AppDelegate.swift */,
				9A9E33081C9164D000E5BE10 /* ViewController.swift */,
				9A9E330A1C9164D000E5BE10 /* Main.storyboard */,
				9A9E330D1C9164D000E5BE10 /* Assets.xcassets */,
				9A9E330F1C9164D000E5BE10 /* LaunchScreen.storyboard */,
				9A9E33121C9164D000E5BE10 /* Info.plist */,
			);
			path = SNStest;
			sourceTree = "<group>";
		};
		9A9E331A1C9164D000E5BE10 /* SNStestTests */ = {
			isa = PBXGroup;
			children = (
				9A9E331B1C9164D000E5BE10 /* SNStestTests.swift */,
				9A9E331D1C9164D000E5BE10 /* Info.plist */,
			);
			path = SNStestTests;
			sourceTree = "<group>";
		};
		9A9E33251C9164D000E5BE10 /* SNStestUITests */ = {
			isa = PBXGroup;
			children = (
				9A9E33261C9164D000E5BE10 /* SNStestUITests.swift */,
				9A9E33281C9164D000E5BE10 /* Info.plist */,
			);
			path = SNStestUITests;
			sourceTree = "<group>";
		};
/* End PBXGroup section */

/* Begin PBXNativeTarget section */
		9A9E33021C9164CF00E5BE10 /* SNStest */ = {
			isa = PBXNativeTarget;
			buildConfigurationList = 9A9E332B1C9164D000E5BE10 /* Build configuration list for PBXNativeTarget "SNStest" */;
			buildPhases = (
				9A9E32FF1C9164CF00E5BE10 /* Sources */,
				9A9E33001C9164CF00E5BE10 /* Frameworks */,
				9A9E33011C9164CF00E5BE10 /* Resources */,
			);
			buildRules = (
			);
			dependencies = (
			);
			name = SNStest;
			productName = SNStest;
			productReference = 9A9E33031C9164D000E5BE10 /* SNStest.app */;
			productType = "com.apple.product-type.application";
		};
		9A9E33161C9164D000E5BE10 /* SNStestTests */ = {
			isa = PBXNativeTarget;
			buildConfigurationList = 9A9E332E1C9164D000E5BE10 /* Build configuration list for PBXNativeTarget "SNStestTests" */;
			buildPhases = (
				9A9E33131C9164D000E5BE10 /* Sources */,
				9A9E33141C9164D000E5BE10 /* Frameworks */,
				9A9E33151C9164D000E5BE10 /* Resources */,
			);
			buildRules = (
			);
			dependencies = (
				9A9E33191C9164D000E5BE10 /* PBXTargetDependency */,
			);
			name = SNStestTests;
			productName = SNStestTests;
			productReference = 9A9E33171C9164D000E5BE10 /* SNStestTests.xctest */;
			productType = "com.apple.product-type.bundle.unit-test";
		};
		9A9E33211C9164D000E5BE10 /* SNStestUITests */ = {
			isa = PBXNativeTarget;
			buildConfigurationList = 9A9E33311C9164D000E5BE10 /* Build configuration list for PBXNativeTarget "SNStestUITests" */;
			buildPhases = (
				9A9E331E1C9164D000E5BE10 /* Sources */,
				9A9E331F1C9164D000E5BE10 /* Frameworks */,
				9A9E33201C9164D000E5BE10 /* Resources */,
			);
			buildRules = (
			);
			dependencies = (
				9A9E33241C9164D000E5BE10 /* PBXTargetDependency */,
			);
			name = SNStestUITests;
			productName = SNStestUITests;
			productReference = 9A9E33221C9164D000E5BE10 /* SNStestUITests.xctest */;
			productType = "com.apple.product-type.bundle.ui-testing";
		};
/* End PBXNativeTarget section */

/* Begin PBXProject section */
		9A9E32FB1C9164CF00E5BE10 /* Project object */ = {
			isa = PBXProject;
			attributes = {
				LastSwiftUpdateCheck = 0720;
				LastUpgradeCheck = 0720;
				ORGANIZATIONNAME = Karin;
				TargetAttributes = {
					9A9E33021C9164CF00E5BE10 = {
						CreatedOnToolsVersion = 7.2.1;
					};
					9A9E33161C9164D000E5BE10 = {
						CreatedOnToolsVersion = 7.2.1;
						TestTargetID = 9A9E33021C9164CF00E5BE10;
					};
					9A9E33211C9164D000E5BE10 = {
						CreatedOnToolsVersion = 7.2.1;
						TestTargetID = 9A9E33021C9164CF00E5BE10;
					};
				};
			};
			buildConfigurationList = 9A9E32FE1C9164CF00E5BE10 /* Build configuration list for PBXProject "SNStest" */;
			compatibilityVersion = "Xcode 3.2";
			developmentRegion = English;
			hasScannedForEncodings = 0;
			knownRegions = (
				en,
				Base,
			);
			mainGroup = 9A9E32FA1C9164CF00E5BE10;
			productRefGroup = 9A9E33041C9164D000E5BE10 /* Products */;
			projectDirPath = "";
			projectRoot = "";
			targets = (
				9A9E33021C9164CF00E5BE10 /* SNStest */,
				9A9E33161C9164D000E5BE10 /* SNStestTests */,
				9A9E33211C9164D000E5BE10 /* SNStestUITests */,
			);
		};
/* End PBXProject section */

/* Begin PBXResourcesBuildPhase section */
		9A9E33011C9164CF00E5BE10 /* Resources */ = {
			isa = PBXResourcesBuildPhase;
			buildActionMask = 2147483647;
			files = (
				9A9E33111C9164D000E5BE10 /* LaunchScreen.storyboard in Resources */,
				9A9E330E1C9164D000E5BE10 /* Assets.xcassets in Resources */,
				9A9E330C1C9164D000E5BE10 /* Main.storyboard in Resources */,
			);
			runOnlyForDeploymentPostprocessing = 0;
		};
		9A9E33151C9164D000E5BE10 /* Resources */ = {
			isa = PBXResourcesBuildPhase;
			buildActionMask = 2147483647;
			files = (
			);
			runOnlyForDeploymentPostprocessing = 0;
		};
		9A9E33201C9164D000E5BE10 /* Resources */ = {
			isa = PBXResourcesBuildPhase;
			buildActionMask = 2147483647;
			files = (
			);
			runOnlyForDeploymentPostprocessing = 0;
		};
/* End PBXResourcesBuildPhase section */

/* Begin PBXSourcesBuildPhase section */
		9A9E32FF1C9164CF00E5BE10 /* Sources */ = {
			isa = PBXSourcesBuildPhase;
			buildActionMask = 2147483647;
			files = (
				9A9E33091C9164D000E5BE10 /* ViewController.swift in Sources */,
				9A9E33071C9164D000E5BE10 /* AppDelegate.swift in Sources */,
			);
			runOnlyForDeploymentPostprocessing = 0;
		};
		9A9E33131C9164D000E5BE10 /* Sources */ = {
			isa = PBXSourcesBuildPhase;
			buildActionMask = 2147483647;
			files = (
				9A9E331C1C9164D000E5BE10 /* SNStestTests.swift in Sources */,
			);
			runOnlyForDeploymentPostprocessing = 0;
		};
		9A9E331E1C9164D000E5BE10 /* Sources */ = {
			isa = PBXSourcesBuildPhase;
			buildActionMask = 2147483647;
			files = (
				9A9E33271C9164D000E5BE10 /* SNStestUITests.swift in Sources */,
			);
			runOnlyForDeploymentPostprocessing = 0;
		};
/* End PBXSourcesBuildPhase section */

/* Begin PBXTargetDependency section */
		9A9E33191C9164D000E5BE10 /* PBXTargetDependency */ = {
			isa = PBXTargetDependency;
			target = 9A9E33021C9164CF00E5BE10 /* SNStest */;
			targetProxy = 9A9E33181C9164D000E5BE10 /* PBXContainerItemProxy */;
		};
		9A9E33241C9164D000E5BE10 /* PBXTargetDependency */ = {
			isa = PBXTargetDependency;
			target = 9A9E33021C9164CF00E5BE10 /* SNStest */;
			targetProxy = 9A9E33231C9164D000E5BE10 /* PBXContainerItemProxy */;
		};
/* End PBXTargetDependency section */

/* Begin PBXVariantGroup section */
		9A9E330A1C9164D000E5BE10 /* Main.storyboard */ = {
			isa = PBXVariantGroup;
			children = (
				9A9E330B1C9164D000E5BE10 /* Base */,
			);
			name = Main.storyboard;
			sourceTree = "<group>";
		};
		9A9E330F1C9164D000E5BE10 /* LaunchScreen.storyboard */ = {
			isa = PBXVariantGroup;
			children = (
				9A9E33101C9164D000E5BE10 /* Base */,
			);
			name = LaunchScreen.storyboard;
			sourceTree = "<group>";
		};
/* End PBXVariantGroup section */

/* Begin XCBuildConfiguration section */
		9A9E33291C9164D000E5BE10 /* Debug */ = {
			isa = XCBuildConfiguration;
			buildSettings = {
				ALWAYS_SEARCH_USER_PATHS = NO;
				CLANG_CXX_LANGUAGE_STANDARD = "gnu++0x";
				CLANG_CXX_LIBRARY = "libc++";
				CLANG_ENABLE_MODULES = YES;
				CLANG_ENABLE_OBJC_ARC = YES;
				CLANG_WARN_BOOL_CONVERSION = YES;
				CLANG_WARN_CONSTANT_CONVERSION = YES;
				CLANG_WARN_DIRECT_OBJC_ISA_USAGE = YES_ERROR;
				CLANG_WARN_EMPTY_BODY = YES;
				CLANG_WARN_ENUM_CONVERSION = YES;
				CLANG_WARN_INT_CONVERSION = YES;
				CLANG_WARN_OBJC_ROOT_CLASS = YES_ERROR;
				CLANG_WARN_UNREACHABLE_CODE = YES;
				CLANG_WARN__DUPLICATE_METHOD_MATCH = YES;
				"CODE_SIGN_IDENTITY[sdk=iphoneos*]" = "iPhone Developer";
				COPY_PHASE_STRIP = NO;
				DEBUG_INFORMATION_FORMAT = dwarf;
				ENABLE_STRICT_OBJC_MSGSEND = YES;
				ENABLE_TESTABILITY = YES;
				GCC_C_LANGUAGE_STANDARD = gnu99;
				GCC_DYNAMIC_NO_PIC = NO;
				GCC_NO_COMMON_BLOCKS = YES;
				GCC_OPTIMIZATION_LEVEL = 0;
				GCC_PREPROCESSOR_DEFINITIONS = (
					"DEBUG=1",
					"$(inherited)",
				);
				GCC_WARN_64_TO_32_BIT_CONVERSION = YES;
				GCC_WARN_ABOUT_RETURN_TYPE = YES_ERROR;
				GCC_WARN_UNDECLARED_SELECTOR = YES;
				GCC_WARN_UNINITIALIZED_AUTOS = YES_AGGRESSIVE;
				GCC_WARN_UNUSED_FUNCTION = YES;
				GCC_WARN_UNUSED_VARIABLE = YES;
				IPHONEOS_DEPLOYMENT_TARGET = 9.2;
				MTL_ENABLE_DEBUG_INFO = YES;
				ONLY_ACTIVE_ARCH = YES;
				SDKROOT = iphoneos;
				SWIFT_OPTIMIZATION_LEVEL = "-Onone";
			};
			name = Debug;
		};
		9A9E332A1C9164D000E5BE10 /* Release */ = {
			isa = XCBuildConfiguration;
			buildSettings = {
				ALWAYS_SEARCH_USER_PATHS = NO;
				CLANG_CXX_LANGUAGE_STANDARD = "gnu++0x";
				CLANG_CXX_LIBRARY = "libc++";
				CLANG_ENABLE_MODULES = YES;
				CLANG_ENABLE_OBJC_ARC = YES;
				CLANG_WARN_BOOL_CONVERSION = YES;
				CLANG_WARN_CONSTANT_CONVERSION = YES;
				CLANG_WARN_DIRECT_OBJC_ISA_USAGE = YES_ERROR;
				CLANG_WARN_EMPTY_BODY = YES;
				CLANG_WARN_ENUM_CONVERSION = YES;
				CLANG_WARN_INT_CONVERSION = YES;
				CLANG_WARN_OBJC_ROOT_CLASS = YES_ERROR;
				CLANG_WARN_UNREACHABLE_CODE = YES;
				CLANG_WARN__DUPLICATE_METHOD_MATCH = YES;
				"CODE_SIGN_IDENTITY[sdk=iphoneos*]" = "iPhone Developer";
				COPY_PHASE_STRIP = NO;
				DEBUG_INFORMATION_FORMAT = "dwarf-with-dsym";
				ENABLE_NS_ASSERTIONS = NO;
				ENABLE_STRICT_OBJC_MSGSEND = YES;
				GCC_C_LANGUAGE_STANDARD = gnu99;
				GCC_NO_COMMON_BLOCKS = YES;
				GCC_WARN_64_TO_32_BIT_CONVERSION = YES;
				GCC_WARN_ABOUT_RETURN_TYPE = YES_ERROR;
				GCC_WARN_UNDECLARED_SELECTOR = YES;
				GCC_WARN_UNINITIALIZED_AUTOS = YES_AGGRESSIVE;
				GCC_WARN_UNUSED_FUNCTION = YES;
				GCC_WARN_UNUSED_VARIABLE = YES;
				IPHONEOS_DEPLOYMENT_TARGET = 9.2;
				MTL_ENABLE_DEBUG_INFO = NO;
				SDKROOT = iphoneos;
				VALIDATE_PRODUCT = YES;
			};
			name = Release;
		};
		9A9E332C1C9164D000E5BE10 /* Debug */ = {
			isa = XCBuildConfiguration;
			buildSettings = {
				ASSETCATALOG_COMPILER_APPICON_NAME = AppIcon;
				INFOPLIST_FILE = SNStest/Info.plist;
				LD_RUNPATH_SEARCH_PATHS = "$(inherited) @executable_path/Frameworks";
				PRODUCT_BUNDLE_IDENTIFIER = com.karin.SNStest;
				PRODUCT_NAME = "$(TARGET_NAME)";
			};
			name = Debug;
		};
		9A9E332D1C9164D000E5BE10 /* Release */ = {
			isa = XCBuildConfiguration;
			buildSettings = {
				ASSETCATALOG_COMPILER_APPICON_NAME = AppIcon;
				INFOPLIST_FILE = SNStest/Info.plist;
				LD_RUNPATH_SEARCH_PATHS = "$(inherited) @executable_path/Frameworks";
				PRODUCT_BUNDLE_IDENTIFIER = com.karin.SNStest;
				PRODUCT_NAME = "$(TARGET_NAME)";
			};
			name = Release;
		};
		9A9E332F1C9164D000E5BE10 /* Debug */ = {
			isa = XCBuildConfiguration;
			buildSettings = {
				BUNDLE_LOADER = "$(TEST_HOST)";
				INFOPLIST_FILE = SNStestTests/Info.plist;
				LD_RUNPATH_SEARCH_PATHS = "$(inherited) @executable_path/Frameworks @loader_path/Frameworks";
				PRODUCT_BUNDLE_IDENTIFIER = com.karin.SNStestTests;
				PRODUCT_NAME = "$(TARGET_NAME)";
				TEST_HOST = "$(BUILT_PRODUCTS_DIR)/SNStest.app/SNStest";
			};
			name = Debug;
		};
		9A9E33301C9164D000E5BE10 /* Release */ = {
			isa = XCBuildConfiguration;
			buildSettings = {
				BUNDLE_LOADER = "$(TEST_HOST)";
				INFOPLIST_FILE = SNStestTests/Info.plist;
				LD_RUNPATH_SEARCH_PATHS = "$(inherited) @executable_path/Frameworks @loader_path/Frameworks";
				PRODUCT_BUNDLE_IDENTIFIER = com.karin.SNStestTests;
				PRODUCT_NAME = "$(TARGET_NAME)";
				TEST_HOST = "$(BUILT_PRODUCTS_DIR)/SNStest.app/SNStest";
			};
			name = Release;
		};
		9A9E33321C9164D000E5BE10 /* Debug */ = {
			isa = XCBuildConfiguration;
			buildSettings = {
				INFOPLIST_FILE = SNStestUITests/Info.plist;
				LD_RUNPATH_SEARCH_PATHS = "$(inherited) @executable_path/Frameworks @loader_path/Frameworks";
				PRODUCT_BUNDLE_IDENTIFIER = com.karin.SNStestUITests;
				PRODUCT_NAME = "$(TARGET_NAME)";
				TEST_TARGET_NAME = SNStest;
				USES_XCTRUNNER = YES;
			};
			name = Debug;
		};
		9A9E33331C9164D000E5BE10 /* Release */ = {
			isa = XCBuildConfiguration;
			buildSettings = {
				INFOPLIST_FILE = SNStestUITests/Info.plist;
				LD_RUNPATH_SEARCH_PATHS = "$(inherited) @executable_path/Frameworks @loader_path/Frameworks";
				PRODUCT_BUNDLE_IDENTIFIER = com.karin.SNStestUITests;
				PRODUCT_NAME = "$(TARGET_NAME)";
				TEST_TARGET_NAME = SNStest;
				USES_XCTRUNNER = YES;
			};
			name = Release;
		};
/* End XCBuildConfiguration section */

/* Begin XCConfigurationList section */
		9A9E32FE1C9164CF00E5BE10 /* Build configuration list for PBXProject "SNStest" */ = {
			isa = XCConfigurationList;
			buildConfigurations = (
				9A9E33291C9164D000E5BE10 /* Debug */,
				9A9E332A1C9164D000E5BE10 /* Release */,
			);
			defaultConfigurationIsVisible = 0;
			defaultConfigurationName = Release;
		};
		9A9E332B1C9164D000E5BE10 /* Build configuration list for PBXNativeTarget "SNStest" */ = {
			isa = XCConfigurationList;
			buildConfigurations = (
				9A9E332C1C9164D000E5BE10 /* Debug */,
				9A9E332D1C9164D000E5BE10 /* Release */,
			);
			defaultConfigurationIsVisible = 0;
		};
		9A9E332E1C9164D000E5BE10 /* Build configuration list for PBXNativeTarget "SNStestTests" */ = {
			isa = XCConfigurationList;
			buildConfigurations = (
				9A9E332F1C9164D000E5BE10 /* Debug */,
				9A9E33301C9164D000E5BE10 /* Release */,
			);
			defaultConfigurationIsVisible = 0;
		};
		9A9E33311C9164D000E5BE10 /* Build configuration list for PBXNativeTarget "SNStestUITests" */ = {
			isa = XCConfigurationList;
			buildConfigurations = (
				9A9E33321C9164D000E5BE10 /* Debug */,
				9A9E33331C9164D000E5BE10 /* Release */,
			);
			defaultConfigurationIsVisible = 0;
		};
/* End XCConfigurationList section */
	};
	rootObject = 9A9E32FB1C9164CF00E5BE10 /* Project object */;
}
